// !$*UTF8*$!
{
	archiveVersion = 1;
	classes = {
	};
	objectVersion = 56;
	objects = {

/* Begin PBXBuildFile section */
		290612A12CA9AA0A00DB9A2F /* HomeView.swift in Sources */ = {isa = PBXBuildFile; fileRef = 290612A02CA9AA0A00DB9A2F /* HomeView.swift */; };
		290612A32CA9AA2600DB9A2F /* PlusButtonView.swift in Sources */ = {isa = PBXBuildFile; fileRef = 290612A22CA9AA2600DB9A2F /* PlusButtonView.swift */; };
		290612A52CA9AA4500DB9A2F /* ApiManager.swift in Sources */ = {isa = PBXBuildFile; fileRef = 290612A42CA9AA4500DB9A2F /* ApiManager.swift */; };
		290612A72CA9B48600DB9A2F /* SplashView.swift in Sources */ = {isa = PBXBuildFile; fileRef = 290612A62CA9B48600DB9A2F /* SplashView.swift */; };
		290612A92CA9CC1C00DB9A2F /* PopView.swift in Sources */ = {isa = PBXBuildFile; fileRef = 290612A82CA9CC1C00DB9A2F /* PopView.swift */; };
		290612AB2CAAEB7300DB9A2F /* OnboardingPopupView.swift in Sources */ = {isa = PBXBuildFile; fileRef = 290612AA2CAAEB7300DB9A2F /* OnboardingPopupView.swift */; };
		291F1FA82CB60B6700A77ACD /* GoogleService-Info.plist in Resources */ = {isa = PBXBuildFile; fileRef = 291F1FA72CB60B6700A77ACD /* GoogleService-Info.plist */; };
		291F1FAB2CB60BE800A77ACD /* FirebaseAnalytics in Frameworks */ = {isa = PBXBuildFile; productRef = 291F1FAA2CB60BE800A77ACD /* FirebaseAnalytics */; };
		291F1FAD2CB60BE800A77ACD /* FirebaseAnalyticsOnDeviceConversion in Frameworks */ = {isa = PBXBuildFile; productRef = 291F1FAC2CB60BE800A77ACD /* FirebaseAnalyticsOnDeviceConversion */; };
		291F1FAF2CB60BE800A77ACD /* FirebaseAnalyticsWithoutAdIdSupport in Frameworks */ = {isa = PBXBuildFile; productRef = 291F1FAE2CB60BE800A77ACD /* FirebaseAnalyticsWithoutAdIdSupport */; };
		291F1FB12CB60BE800A77ACD /* FirebaseAppCheck in Frameworks */ = {isa = PBXBuildFile; productRef = 291F1FB02CB60BE800A77ACD /* FirebaseAppCheck */; };
		291F1FB32CB60BE800A77ACD /* FirebaseAppDistribution-Beta in Frameworks */ = {isa = PBXBuildFile; productRef = 291F1FB22CB60BE800A77ACD /* FirebaseAppDistribution-Beta */; };
		291F1FB72CB618D400A77ACD /* FirebaseAuth in Frameworks */ = {isa = PBXBuildFile; productRef = 291F1FB62CB618D400A77ACD /* FirebaseAuth */; };
		291F1FB92CB618D400A77ACD /* FirebaseCore in Frameworks */ = {isa = PBXBuildFile; productRef = 291F1FB82CB618D400A77ACD /* FirebaseCore */; };
		291F1FBB2CB618D400A77ACD /* FirebaseDatabase in Frameworks */ = {isa = PBXBuildFile; productRef = 291F1FBA2CB618D400A77ACD /* FirebaseDatabase */; };
		291F1FBD2CB618D400A77ACD /* FirebaseFirestore in Frameworks */ = {isa = PBXBuildFile; productRef = 291F1FBC2CB618D400A77ACD /* FirebaseFirestore */; };
		291F1FBF2CB618D400A77ACD /* FirebaseFirestoreCombine-Community in Frameworks */ = {isa = PBXBuildFile; productRef = 291F1FBE2CB618D400A77ACD /* FirebaseFirestoreCombine-Community */; };
		291F1FC12CB618D400A77ACD /* FirebaseStorage in Frameworks */ = {isa = PBXBuildFile; productRef = 291F1FC02CB618D400A77ACD /* FirebaseStorage */; };
		291F1FC32CB618D400A77ACD /* FirebaseStorageCombine-Community in Frameworks */ = {isa = PBXBuildFile; productRef = 291F1FC22CB618D400A77ACD /* FirebaseStorageCombine-Community */; };
		291F1FC52CB618D400A77ACD /* FirebaseVertexAI-Preview in Frameworks */ = {isa = PBXBuildFile; productRef = 291F1FC42CB618D400A77ACD /* FirebaseVertexAI-Preview */; };
		291F1FC82CB85F0300A77ACD /* AccountView.swift in Sources */ = {isa = PBXBuildFile; fileRef = 291F1FC72CB85F0300A77ACD /* AccountView.swift */; };
		291F1FCA2CB863C400A77ACD /* FlashcardView.swift in Sources */ = {isa = PBXBuildFile; fileRef = 291F1FC92CB863C400A77ACD /* FlashcardView.swift */; };
		2939412F2CC160B200ACF15C /* QuizDataModel.xcdatamodeld in Sources */ = {isa = PBXBuildFile; fileRef = 2939412D2CC160B200ACF15C /* QuizDataModel.xcdatamodeld */; };
		293941312CC1623200ACF15C /* DeckListView.swift in Sources */ = {isa = PBXBuildFile; fileRef = 293941302CC1622900ACF15C /* DeckListView.swift */; };
		293941332CC1623E00ACF15C /* QuizView.swift in Sources */ = {isa = PBXBuildFile; fileRef = 293941322CC1623E00ACF15C /* QuizView.swift */; };
		293941352CC1633F00ACF15C /* ProgressBar.swift in Sources */ = {isa = PBXBuildFile; fileRef = 293941342CC1633F00ACF15C /* ProgressBar.swift */; };
		293941372CC1634700ACF15C /* AnswerButtonStyle.swift in Sources */ = {isa = PBXBuildFile; fileRef = 293941362CC1634700ACF15C /* AnswerButtonStyle.swift */; };
		299224682CA99CF200655483 /* StudySetApp.swift in Sources */ = {isa = PBXBuildFile; fileRef = 299224672CA99CF200655483 /* StudySetApp.swift */; };
		2992246A2CA99CF200655483 /* ContentView.swift in Sources */ = {isa = PBXBuildFile; fileRef = 299224692CA99CF200655483 /* ContentView.swift */; };
		2992246C2CA99CF300655483 /* Assets.xcassets in Resources */ = {isa = PBXBuildFile; fileRef = 2992246B2CA99CF300655483 /* Assets.xcassets */; };
		2992246F2CA99CF300655483 /* Preview Assets.xcassets in Resources */ = {isa = PBXBuildFile; fileRef = 2992246E2CA99CF300655483 /* Preview Assets.xcassets */; };
		299224792CA99CF300655483 /* StudySetTests.swift in Sources */ = {isa = PBXBuildFile; fileRef = 299224782CA99CF300655483 /* StudySetTests.swift */; };
		299224832CA99CF300655483 /* StudySetUITests.swift in Sources */ = {isa = PBXBuildFile; fileRef = 299224822CA99CF300655483 /* StudySetUITests.swift */; };
		299224852CA99CF300655483 /* StudySetUITestsLaunchTests.swift in Sources */ = {isa = PBXBuildFile; fileRef = 299224842CA99CF300655483 /* StudySetUITestsLaunchTests.swift */; };
		299224922CA99D3100655483 /* LoginView.swift in Sources */ = {isa = PBXBuildFile; fileRef = 299224912CA99D3100655483 /* LoginView.swift */; };
		299224942CA99D4B00655483 /* AboutView.swift in Sources */ = {isa = PBXBuildFile; fileRef = 299224932CA99D4B00655483 /* AboutView.swift */; };
		299AD1A22CAF07D300BF0791 /* KeychainHelper.swift in Sources */ = {isa = PBXBuildFile; fileRef = 299AD1A12CAF07D300BF0791 /* KeychainHelper.swift */; };
/* End PBXBuildFile section */

/* Begin PBXContainerItemProxy section */
		299224752CA99CF300655483 /* PBXContainerItemProxy */ = {
			isa = PBXContainerItemProxy;
			containerPortal = 2992245C2CA99CF200655483 /* Project object */;
			proxyType = 1;
			remoteGlobalIDString = 299224632CA99CF200655483;
			remoteInfo = StudySet;
		};
		2992247F2CA99CF300655483 /* PBXContainerItemProxy */ = {
			isa = PBXContainerItemProxy;
			containerPortal = 2992245C2CA99CF200655483 /* Project object */;
			proxyType = 1;
			remoteGlobalIDString = 299224632CA99CF200655483;
			remoteInfo = StudySet;
		};
/* End PBXContainerItemProxy section */

/* Begin PBXFileReference section */
		290612A02CA9AA0A00DB9A2F /* HomeView.swift */ = {isa = PBXFileReference; lastKnownFileType = sourcecode.swift; path = HomeView.swift; sourceTree = "<group>"; };
		290612A22CA9AA2600DB9A2F /* PlusButtonView.swift */ = {isa = PBXFileReference; lastKnownFileType = sourcecode.swift; path = PlusButtonView.swift; sourceTree = "<group>"; };
		290612A42CA9AA4500DB9A2F /* ApiManager.swift */ = {isa = PBXFileReference; lastKnownFileType = sourcecode.swift; path = ApiManager.swift; sourceTree = "<group>"; };
		290612A62CA9B48600DB9A2F /* SplashView.swift */ = {isa = PBXFileReference; lastKnownFileType = sourcecode.swift; path = SplashView.swift; sourceTree = "<group>"; };
		290612A82CA9CC1C00DB9A2F /* PopView.swift */ = {isa = PBXFileReference; lastKnownFileType = sourcecode.swift; path = PopView.swift; sourceTree = "<group>"; };
		290612AA2CAAEB7300DB9A2F /* OnboardingPopupView.swift */ = {isa = PBXFileReference; lastKnownFileType = sourcecode.swift; path = OnboardingPopupView.swift; sourceTree = "<group>"; };
		291F1FA72CB60B6700A77ACD /* GoogleService-Info.plist */ = {isa = PBXFileReference; lastKnownFileType = text.plist.xml; path = "GoogleService-Info.plist"; sourceTree = "<group>"; };
		291F1FC72CB85F0300A77ACD /* AccountView.swift */ = {isa = PBXFileReference; lastKnownFileType = sourcecode.swift; path = AccountView.swift; sourceTree = "<group>"; };
		291F1FC92CB863C400A77ACD /* FlashcardView.swift */ = {isa = PBXFileReference; lastKnownFileType = sourcecode.swift; path = FlashcardView.swift; sourceTree = "<group>"; };
		2939412E2CC160B200ACF15C /* QuizDataModel.xcdatamodel */ = {isa = PBXFileReference; lastKnownFileType = wrapper.xcdatamodel; path = QuizDataModel.xcdatamodel; sourceTree = "<group>"; };
		293941302CC1622900ACF15C /* DeckListView.swift */ = {isa = PBXFileReference; lastKnownFileType = sourcecode.swift; path = DeckListView.swift; sourceTree = "<group>"; };
		293941322CC1623E00ACF15C /* QuizView.swift */ = {isa = PBXFileReference; lastKnownFileType = sourcecode.swift; path = QuizView.swift; sourceTree = "<group>"; };
		293941342CC1633F00ACF15C /* ProgressBar.swift */ = {isa = PBXFileReference; lastKnownFileType = sourcecode.swift; path = ProgressBar.swift; sourceTree = "<group>"; };
		293941362CC1634700ACF15C /* AnswerButtonStyle.swift */ = {isa = PBXFileReference; lastKnownFileType = sourcecode.swift; path = AnswerButtonStyle.swift; sourceTree = "<group>"; };
		299224642CA99CF200655483 /* StudySet.app */ = {isa = PBXFileReference; explicitFileType = wrapper.application; includeInIndex = 0; path = StudySet.app; sourceTree = BUILT_PRODUCTS_DIR; };
		299224672CA99CF200655483 /* StudySetApp.swift */ = {isa = PBXFileReference; lastKnownFileType = sourcecode.swift; path = StudySetApp.swift; sourceTree = "<group>"; };
		299224692CA99CF200655483 /* ContentView.swift */ = {isa = PBXFileReference; lastKnownFileType = sourcecode.swift; path = ContentView.swift; sourceTree = "<group>"; };
		2992246B2CA99CF300655483 /* Assets.xcassets */ = {isa = PBXFileReference; lastKnownFileType = folder.assetcatalog; path = Assets.xcassets; sourceTree = "<group>"; };
		2992246E2CA99CF300655483 /* Preview Assets.xcassets */ = {isa = PBXFileReference; lastKnownFileType = folder.assetcatalog; path = "Preview Assets.xcassets"; sourceTree = "<group>"; };
		299224742CA99CF300655483 /* StudySetTests.xctest */ = {isa = PBXFileReference; explicitFileType = wrapper.cfbundle; includeInIndex = 0; path = StudySetTests.xctest; sourceTree = BUILT_PRODUCTS_DIR; };
		299224782CA99CF300655483 /* StudySetTests.swift */ = {isa = PBXFileReference; lastKnownFileType = sourcecode.swift; path = StudySetTests.swift; sourceTree = "<group>"; };
		2992247E2CA99CF300655483 /* StudySetUITests.xctest */ = {isa = PBXFileReference; explicitFileType = wrapper.cfbundle; includeInIndex = 0; path = StudySetUITests.xctest; sourceTree = BUILT_PRODUCTS_DIR; };
		299224822CA99CF300655483 /* StudySetUITests.swift */ = {isa = PBXFileReference; lastKnownFileType = sourcecode.swift; path = StudySetUITests.swift; sourceTree = "<group>"; };
		299224842CA99CF300655483 /* StudySetUITestsLaunchTests.swift */ = {isa = PBXFileReference; lastKnownFileType = sourcecode.swift; path = StudySetUITestsLaunchTests.swift; sourceTree = "<group>"; };
		299224912CA99D3100655483 /* LoginView.swift */ = {isa = PBXFileReference; lastKnownFileType = sourcecode.swift; path = LoginView.swift; sourceTree = "<group>"; };
		299224932CA99D4B00655483 /* AboutView.swift */ = {isa = PBXFileReference; lastKnownFileType = sourcecode.swift; path = AboutView.swift; sourceTree = "<group>"; };
		299AD1A12CAF07D300BF0791 /* KeychainHelper.swift */ = {isa = PBXFileReference; lastKnownFileType = sourcecode.swift; path = KeychainHelper.swift; sourceTree = "<group>"; };
		299AD1A32CAF0C8700BF0791 /* StudySet.entitlements */ = {isa = PBXFileReference; lastKnownFileType = text.plist.entitlements; path = StudySet.entitlements; sourceTree = "<group>"; };
/* End PBXFileReference section */

/* Begin PBXFrameworksBuildPhase section */
		299224612CA99CF200655483 /* Frameworks */ = {
			isa = PBXFrameworksBuildPhase;
			buildActionMask = 2147483647;
			files = (
				291F1FB12CB60BE800A77ACD /* FirebaseAppCheck in Frameworks */,
				291F1FB72CB618D400A77ACD /* FirebaseAuth in Frameworks */,
				291F1FAB2CB60BE800A77ACD /* FirebaseAnalytics in Frameworks */,
				291F1FBF2CB618D400A77ACD /* FirebaseFirestoreCombine-Community in Frameworks */,
				291F1FB32CB60BE800A77ACD /* FirebaseAppDistribution-Beta in Frameworks */,
				291F1FB92CB618D400A77ACD /* FirebaseCore in Frameworks */,
				291F1FBD2CB618D400A77ACD /* FirebaseFirestore in Frameworks */,
				291F1FAF2CB60BE800A77ACD /* FirebaseAnalyticsWithoutAdIdSupport in Frameworks */,
				291F1FC12CB618D400A77ACD /* FirebaseStorage in Frameworks */,
				291F1FBB2CB618D400A77ACD /* FirebaseDatabase in Frameworks */,
				291F1FC32CB618D400A77ACD /* FirebaseStorageCombine-Community in Frameworks */,
				291F1FC52CB618D400A77ACD /* FirebaseVertexAI-Preview in Frameworks */,
				291F1FAD2CB60BE800A77ACD /* FirebaseAnalyticsOnDeviceConversion in Frameworks */,
			);
			runOnlyForDeploymentPostprocessing = 0;
		};
		299224712CA99CF300655483 /* Frameworks */ = {
			isa = PBXFrameworksBuildPhase;
			buildActionMask = 2147483647;
			files = (
			);
			runOnlyForDeploymentPostprocessing = 0;
		};
		2992247B2CA99CF300655483 /* Frameworks */ = {
			isa = PBXFrameworksBuildPhase;
			buildActionMask = 2147483647;
			files = (
			);
			runOnlyForDeploymentPostprocessing = 0;
		};
/* End PBXFrameworksBuildPhase section */

/* Begin PBXGroup section */
		2992245B2CA99CF200655483 = {
			isa = PBXGroup;
			children = (
				299224662CA99CF200655483 /* StudySet */,
				299224772CA99CF300655483 /* StudySetTests */,
				299224812CA99CF300655483 /* StudySetUITests */,
				299224652CA99CF200655483 /* Products */,
			);
			sourceTree = "<group>";
		};
		299224652CA99CF200655483 /* Products */ = {
			isa = PBXGroup;
			children = (
				299224642CA99CF200655483 /* StudySet.app */,
				299224742CA99CF300655483 /* StudySetTests.xctest */,
				2992247E2CA99CF300655483 /* StudySetUITests.xctest */,
			);
			name = Products;
			sourceTree = "<group>";
		};
		299224662CA99CF200655483 /* StudySet */ = {
			isa = PBXGroup;
			children = (
				299AD1A32CAF0C8700BF0791 /* StudySet.entitlements */,
				299224672CA99CF200655483 /* StudySetApp.swift */,
				2939412D2CC160B200ACF15C /* QuizDataModel.xcdatamodeld */,
				299224932CA99D4B00655483 /* AboutView.swift */,
				290612AA2CAAEB7300DB9A2F /* OnboardingPopupView.swift */,
				291F1FC92CB863C400A77ACD /* FlashcardView.swift */,
				293941362CC1634700ACF15C /* AnswerButtonStyle.swift */,
				290612A62CA9B48600DB9A2F /* SplashView.swift */,
				293941342CC1633F00ACF15C /* ProgressBar.swift */,
				290612A82CA9CC1C00DB9A2F /* PopView.swift */,
				290612A22CA9AA2600DB9A2F /* PlusButtonView.swift */,
				293941302CC1622900ACF15C /* DeckListView.swift */,
				293941322CC1623E00ACF15C /* QuizView.swift */,
				299224912CA99D3100655483 /* LoginView.swift */,
				291F1FC72CB85F0300A77ACD /* AccountView.swift */,
				299AD1A12CAF07D300BF0791 /* KeychainHelper.swift */,
				290612A02CA9AA0A00DB9A2F /* HomeView.swift */,
				290612A42CA9AA4500DB9A2F /* ApiManager.swift */,
				299224692CA99CF200655483 /* ContentView.swift */,
				2992246B2CA99CF300655483 /* Assets.xcassets */,
				2992246D2CA99CF300655483 /* Preview Content */,
				291F1FA72CB60B6700A77ACD /* GoogleService-Info.plist */,
			);
			path = StudySet;
			sourceTree = "<group>";
		};
		2992246D2CA99CF300655483 /* Preview Content */ = {
			isa = PBXGroup;
			children = (
				2992246E2CA99CF300655483 /* Preview Assets.xcassets */,
			);
			path = "Preview Content";
			sourceTree = "<group>";
		};
		299224772CA99CF300655483 /* StudySetTests */ = {
			isa = PBXGroup;
			children = (
				299224782CA99CF300655483 /* StudySetTests.swift */,
			);
			path = StudySetTests;
			sourceTree = "<group>";
		};
		299224812CA99CF300655483 /* StudySetUITests */ = {
			isa = PBXGroup;
			children = (
				299224822CA99CF300655483 /* StudySetUITests.swift */,
				299224842CA99CF300655483 /* StudySetUITestsLaunchTests.swift */,
			);
			path = StudySetUITests;
			sourceTree = "<group>";
		};
/* End PBXGroup section */

/* Begin PBXNativeTarget section */
		299224632CA99CF200655483 /* StudySet */ = {
			isa = PBXNativeTarget;
			buildConfigurationList = 299224882CA99CF300655483 /* Build configuration list for PBXNativeTarget "StudySet" */;
			buildPhases = (
				299224602CA99CF200655483 /* Sources */,
				299224612CA99CF200655483 /* Frameworks */,
				299224622CA99CF200655483 /* Resources */,
			);
			buildRules = (
			);
			dependencies = (
			);
			name = StudySet;
			productName = StudySet;
			productReference = 299224642CA99CF200655483 /* StudySet.app */;
			productType = "com.apple.product-type.application";
		};
		299224732CA99CF300655483 /* StudySetTests */ = {
			isa = PBXNativeTarget;
			buildConfigurationList = 2992248B2CA99CF300655483 /* Build configuration list for PBXNativeTarget "StudySetTests" */;
			buildPhases = (
				299224702CA99CF300655483 /* Sources */,
				299224712CA99CF300655483 /* Frameworks */,
				299224722CA99CF300655483 /* Resources */,
			);
			buildRules = (
			);
			dependencies = (
				299224762CA99CF300655483 /* PBXTargetDependency */,
			);
			name = StudySetTests;
			productName = StudySetTests;
			productReference = 299224742CA99CF300655483 /* StudySetTests.xctest */;
			productType = "com.apple.product-type.bundle.unit-test";
		};
		2992247D2CA99CF300655483 /* StudySetUITests */ = {
			isa = PBXNativeTarget;
			buildConfigurationList = 2992248E2CA99CF300655483 /* Build configuration list for PBXNativeTarget "StudySetUITests" */;
			buildPhases = (
				2992247A2CA99CF300655483 /* Sources */,
				2992247B2CA99CF300655483 /* Frameworks */,
				2992247C2CA99CF300655483 /* Resources */,
			);
			buildRules = (
			);
			dependencies = (
				299224802CA99CF300655483 /* PBXTargetDependency */,
			);
			name = StudySetUITests;
			productName = StudySetUITests;
			productReference = 2992247E2CA99CF300655483 /* StudySetUITests.xctest */;
			productType = "com.apple.product-type.bundle.ui-testing";
		};
/* End PBXNativeTarget section */

/* Begin PBXProject section */
		2992245C2CA99CF200655483 /* Project object */ = {
			isa = PBXProject;
			attributes = {
				BuildIndependentTargetsInParallel = 1;
				LastSwiftUpdateCheck = 1540;
				LastUpgradeCheck = 1600;
				TargetAttributes = {
					299224632CA99CF200655483 = {
						CreatedOnToolsVersion = 15.4;
					};
					299224732CA99CF300655483 = {
						CreatedOnToolsVersion = 15.4;
						TestTargetID = 299224632CA99CF200655483;
					};
					2992247D2CA99CF300655483 = {
						CreatedOnToolsVersion = 15.4;
						TestTargetID = 299224632CA99CF200655483;
					};
				};
			};
			buildConfigurationList = 2992245F2CA99CF200655483 /* Build configuration list for PBXProject "StudySet" */;
			compatibilityVersion = "Xcode 14.0";
			developmentRegion = en;
			hasScannedForEncodings = 0;
			knownRegions = (
				en,
				Base,
			);
			mainGroup = 2992245B2CA99CF200655483;
			packageReferences = (
				291F1FA92CB60BE800A77ACD /* XCRemoteSwiftPackageReference "firebase-ios-sdk" */,
			);
			productRefGroup = 299224652CA99CF200655483 /* Products */;
			projectDirPath = "";
			projectRoot = "";
			targets = (
				299224632CA99CF200655483 /* StudySet */,
				299224732CA99CF300655483 /* StudySetTests */,
				2992247D2CA99CF300655483 /* StudySetUITests */,
			);
		};
/* End PBXProject section */

/* Begin PBXResourcesBuildPhase section */
		299224622CA99CF200655483 /* Resources */ = {
			isa = PBXResourcesBuildPhase;
			buildActionMask = 2147483647;
			files = (
				2992246F2CA99CF300655483 /* Preview Assets.xcassets in Resources */,
				2992246C2CA99CF300655483 /* Assets.xcassets in Resources */,
				291F1FA82CB60B6700A77ACD /* GoogleService-Info.plist in Resources */,
			);
			runOnlyForDeploymentPostprocessing = 0;
		};
		299224722CA99CF300655483 /* Resources */ = {
			isa = PBXResourcesBuildPhase;
			buildActionMask = 2147483647;
			files = (
			);
			runOnlyForDeploymentPostprocessing = 0;
		};
		2992247C2CA99CF300655483 /* Resources */ = {
			isa = PBXResourcesBuildPhase;
			buildActionMask = 2147483647;
			files = (
			);
			runOnlyForDeploymentPostprocessing = 0;
		};
/* End PBXResourcesBuildPhase section */

/* Begin PBXSourcesBuildPhase section */
		299224602CA99CF200655483 /* Sources */ = {
			isa = PBXSourcesBuildPhase;
			buildActionMask = 2147483647;
			files = (
				290612A32CA9AA2600DB9A2F /* PlusButtonView.swift in Sources */,
				293941372CC1634700ACF15C /* AnswerButtonStyle.swift in Sources */,
				293941352CC1633F00ACF15C /* ProgressBar.swift in Sources */,
				293941312CC1623200ACF15C /* DeckListView.swift in Sources */,
				290612A72CA9B48600DB9A2F /* SplashView.swift in Sources */,
				290612AB2CAAEB7300DB9A2F /* OnboardingPopupView.swift in Sources */,
				299224942CA99D4B00655483 /* AboutView.swift in Sources */,
				299224922CA99D3100655483 /* LoginView.swift in Sources */,
				291F1FCA2CB863C400A77ACD /* FlashcardView.swift in Sources */,
				290612A52CA9AA4500DB9A2F /* ApiManager.swift in Sources */,
				2992246A2CA99CF200655483 /* ContentView.swift in Sources */,
				299AD1A22CAF07D300BF0791 /* KeychainHelper.swift in Sources */,
				290612A12CA9AA0A00DB9A2F /* HomeView.swift in Sources */,
				290612A92CA9CC1C00DB9A2F /* PopView.swift in Sources */,
				291F1FC82CB85F0300A77ACD /* AccountView.swift in Sources */,
				293941332CC1623E00ACF15C /* QuizView.swift in Sources */,
				299224682CA99CF200655483 /* StudySetApp.swift in Sources */,
				2939412F2CC160B200ACF15C /* QuizDataModel.xcdatamodeld in Sources */,
			);
			runOnlyForDeploymentPostprocessing = 0;
		};
		299224702CA99CF300655483 /* Sources */ = {
			isa = PBXSourcesBuildPhase;
			buildActionMask = 2147483647;
			files = (
				299224792CA99CF300655483 /* StudySetTests.swift in Sources */,
			);
			runOnlyForDeploymentPostprocessing = 0;
		};
		2992247A2CA99CF300655483 /* Sources */ = {
			isa = PBXSourcesBuildPhase;
			buildActionMask = 2147483647;
			files = (
				299224852CA99CF300655483 /* StudySetUITestsLaunchTests.swift in Sources */,
				299224832CA99CF300655483 /* StudySetUITests.swift in Sources */,
			);
			runOnlyForDeploymentPostprocessing = 0;
		};
/* End PBXSourcesBuildPhase section */

/* Begin PBXTargetDependency section */
		299224762CA99CF300655483 /* PBXTargetDependency */ = {
			isa = PBXTargetDependency;
			target = 299224632CA99CF200655483 /* StudySet */;
			targetProxy = 299224752CA99CF300655483 /* PBXContainerItemProxy */;
		};
		299224802CA99CF300655483 /* PBXTargetDependency */ = {
			isa = PBXTargetDependency;
			target = 299224632CA99CF200655483 /* StudySet */;
			targetProxy = 2992247F2CA99CF300655483 /* PBXContainerItemProxy */;
		};
/* End PBXTargetDependency section */

/* Begin XCBuildConfiguration section */
		299224862CA99CF300655483 /* Debug */ = {
			isa = XCBuildConfiguration;
			buildSettings = {
				ALWAYS_SEARCH_USER_PATHS = NO;
				ASSETCATALOG_COMPILER_GENERATE_SWIFT_ASSET_SYMBOL_EXTENSIONS = YES;
				CLANG_ANALYZER_NONNULL = YES;
				CLANG_ANALYZER_NUMBER_OBJECT_CONVERSION = YES_AGGRESSIVE;
				CLANG_CXX_LANGUAGE_STANDARD = "gnu++20";
				CLANG_ENABLE_MODULES = YES;
				CLANG_ENABLE_OBJC_ARC = YES;
				CLANG_ENABLE_OBJC_WEAK = YES;
				CLANG_WARN_BLOCK_CAPTURE_AUTORELEASING = YES;
				CLANG_WARN_BOOL_CONVERSION = YES;
				CLANG_WARN_COMMA = YES;
				CLANG_WARN_CONSTANT_CONVERSION = YES;
				CLANG_WARN_DEPRECATED_OBJC_IMPLEMENTATIONS = YES;
				CLANG_WARN_DIRECT_OBJC_ISA_USAGE = YES_ERROR;
				CLANG_WARN_DOCUMENTATION_COMMENTS = YES;
				CLANG_WARN_EMPTY_BODY = YES;
				CLANG_WARN_ENUM_CONVERSION = YES;
				CLANG_WARN_INFINITE_RECURSION = YES;
				CLANG_WARN_INT_CONVERSION = YES;
				CLANG_WARN_NON_LITERAL_NULL_CONVERSION = YES;
				CLANG_WARN_OBJC_IMPLICIT_RETAIN_SELF = YES;
				CLANG_WARN_OBJC_LITERAL_CONVERSION = YES;
				CLANG_WARN_OBJC_ROOT_CLASS = YES_ERROR;
				CLANG_WARN_QUOTED_INCLUDE_IN_FRAMEWORK_HEADER = YES;
				CLANG_WARN_RANGE_LOOP_ANALYSIS = YES;
				CLANG_WARN_STRICT_PROTOTYPES = YES;
				CLANG_WARN_SUSPICIOUS_MOVE = YES;
				CLANG_WARN_UNGUARDED_AVAILABILITY = YES_AGGRESSIVE;
				CLANG_WARN_UNREACHABLE_CODE = YES;
				CLANG_WARN__DUPLICATE_METHOD_MATCH = YES;
				COPY_PHASE_STRIP = NO;
				DEBUG_INFORMATION_FORMAT = dwarf;
				ENABLE_STRICT_OBJC_MSGSEND = YES;
				ENABLE_TESTABILITY = YES;
				ENABLE_USER_SCRIPT_SANDBOXING = YES;
				GCC_C_LANGUAGE_STANDARD = gnu17;
				GCC_DYNAMIC_NO_PIC = NO;
				GCC_NO_COMMON_BLOCKS = YES;
				GCC_OPTIMIZATION_LEVEL = 0;
				GCC_PREPROCESSOR_DEFINITIONS = (
					"DEBUG=1",
					"$(inherited)",
				);
				GCC_WARN_64_TO_32_BIT_CONVERSION = YES;
				GCC_WARN_ABOUT_RETURN_TYPE = YES_ERROR;
				GCC_WARN_UNDECLARED_SELECTOR = YES;
				GCC_WARN_UNINITIALIZED_AUTOS = YES_AGGRESSIVE;
				GCC_WARN_UNUSED_FUNCTION = YES;
				GCC_WARN_UNUSED_VARIABLE = YES;
				IPHONEOS_DEPLOYMENT_TARGET = 17.5;
				LOCALIZATION_PREFERS_STRING_CATALOGS = YES;
				MTL_ENABLE_DEBUG_INFO = INCLUDE_SOURCE;
				MTL_FAST_MATH = YES;
				ONLY_ACTIVE_ARCH = YES;
				SDKROOT = iphoneos;
				SWIFT_ACTIVE_COMPILATION_CONDITIONS = "DEBUG $(inherited)";
				SWIFT_OPTIMIZATION_LEVEL = "-Onone";
			};
			name = Debug;
		};
		299224872CA99CF300655483 /* Release */ = {
			isa = XCBuildConfiguration;
			buildSettings = {
				ALWAYS_SEARCH_USER_PATHS = NO;
				ASSETCATALOG_COMPILER_GENERATE_SWIFT_ASSET_SYMBOL_EXTENSIONS = YES;
				CLANG_ANALYZER_NONNULL = YES;
				CLANG_ANALYZER_NUMBER_OBJECT_CONVERSION = YES_AGGRESSIVE;
				CLANG_CXX_LANGUAGE_STANDARD = "gnu++20";
				CLANG_ENABLE_MODULES = YES;
				CLANG_ENABLE_OBJC_ARC = YES;
				CLANG_ENABLE_OBJC_WEAK = YES;
				CLANG_WARN_BLOCK_CAPTURE_AUTORELEASING = YES;
				CLANG_WARN_BOOL_CONVERSION = YES;
				CLANG_WARN_COMMA = YES;
				CLANG_WARN_CONSTANT_CONVERSION = YES;
				CLANG_WARN_DEPRECATED_OBJC_IMPLEMENTATIONS = YES;
				CLANG_WARN_DIRECT_OBJC_ISA_USAGE = YES_ERROR;
				CLANG_WARN_DOCUMENTATION_COMMENTS = YES;
				CLANG_WARN_EMPTY_BODY = YES;
				CLANG_WARN_ENUM_CONVERSION = YES;
				CLANG_WARN_INFINITE_RECURSION = YES;
				CLANG_WARN_INT_CONVERSION = YES;
				CLANG_WARN_NON_LITERAL_NULL_CONVERSION = YES;
				CLANG_WARN_OBJC_IMPLICIT_RETAIN_SELF = YES;
				CLANG_WARN_OBJC_LITERAL_CONVERSION = YES;
				CLANG_WARN_OBJC_ROOT_CLASS = YES_ERROR;
				CLANG_WARN_QUOTED_INCLUDE_IN_FRAMEWORK_HEADER = YES;
				CLANG_WARN_RANGE_LOOP_ANALYSIS = YES;
				CLANG_WARN_STRICT_PROTOTYPES = YES;
				CLANG_WARN_SUSPICIOUS_MOVE = YES;
				CLANG_WARN_UNGUARDED_AVAILABILITY = YES_AGGRESSIVE;
				CLANG_WARN_UNREACHABLE_CODE = YES;
				CLANG_WARN__DUPLICATE_METHOD_MATCH = YES;
				COPY_PHASE_STRIP = NO;
				DEBUG_INFORMATION_FORMAT = "dwarf-with-dsym";
				ENABLE_NS_ASSERTIONS = NO;
				ENABLE_STRICT_OBJC_MSGSEND = YES;
				ENABLE_USER_SCRIPT_SANDBOXING = YES;
				GCC_C_LANGUAGE_STANDARD = gnu17;
				GCC_NO_COMMON_BLOCKS = YES;
				GCC_WARN_64_TO_32_BIT_CONVERSION = YES;
				GCC_WARN_ABOUT_RETURN_TYPE = YES_ERROR;
				GCC_WARN_UNDECLARED_SELECTOR = YES;
				GCC_WARN_UNINITIALIZED_AUTOS = YES_AGGRESSIVE;
				GCC_WARN_UNUSED_FUNCTION = YES;
				GCC_WARN_UNUSED_VARIABLE = YES;
				IPHONEOS_DEPLOYMENT_TARGET = 17.5;
				LOCALIZATION_PREFERS_STRING_CATALOGS = YES;
				MTL_ENABLE_DEBUG_INFO = NO;
				MTL_FAST_MATH = YES;
				SDKROOT = iphoneos;
				SWIFT_COMPILATION_MODE = wholemodule;
				VALIDATE_PRODUCT = YES;
			};
			name = Release;
		};
		299224892CA99CF300655483 /* Debug */ = {
			isa = XCBuildConfiguration;
			buildSettings = {
				ASSETCATALOG_COMPILER_APPICON_NAME = AppIcon;
				ASSETCATALOG_COMPILER_GLOBAL_ACCENT_COLOR_NAME = AccentColor;
				CODE_SIGN_ENTITLEMENTS = StudySet/StudySet.entitlements;
				CODE_SIGN_STYLE = Automatic;
				CURRENT_PROJECT_VERSION = 1;
				DEVELOPMENT_ASSET_PATHS = "\"StudySet/Preview Content\"";
				DEVELOPMENT_TEAM = V3S7RS9S6Q;
				ENABLE_PREVIEWS = YES;
				GENERATE_INFOPLIST_FILE = YES;
				INFOPLIST_KEY_CFBundleDisplayName = StudyPlanGPT;
				INFOPLIST_KEY_LSApplicationCategoryType = "public.app-category.education";
				INFOPLIST_KEY_UIApplicationSceneManifest_Generation = YES;
				INFOPLIST_KEY_UIApplicationSupportsIndirectInputEvents = YES;
				INFOPLIST_KEY_UILaunchScreen_Generation = YES;
				INFOPLIST_KEY_UISupportedInterfaceOrientations = UIInterfaceOrientationPortrait;
				INFOPLIST_KEY_UISupportedInterfaceOrientations_iPad = "UIInterfaceOrientationLandscapeLeft UIInterfaceOrientationLandscapeRight UIInterfaceOrientationPortrait UIInterfaceOrientationPortraitUpsideDown";
				LD_RUNPATH_SEARCH_PATHS = (
					"$(inherited)",
					"@executable_path/Frameworks",
				);
				MARKETING_VERSION = 4.0;
				PRODUCT_BUNDLE_IDENTIFIER = NiamBashambu.StudySet;
				PRODUCT_NAME = "$(TARGET_NAME)";
				SUPPORTED_PLATFORMS = "iphoneos iphonesimulator";
				SUPPORTS_MACCATALYST = NO;
				SUPPORTS_MAC_DESIGNED_FOR_IPHONE_IPAD = NO;
				SUPPORTS_XR_DESIGNED_FOR_IPHONE_IPAD = NO;
				SWIFT_EMIT_LOC_STRINGS = YES;
				SWIFT_VERSION = 5.0;
				TARGETED_DEVICE_FAMILY = 1;
			};
			name = Debug;
		};
		2992248A2CA99CF300655483 /* Release */ = {
			isa = XCBuildConfiguration;
			buildSettings = {
				ASSETCATALOG_COMPILER_APPICON_NAME = AppIcon;
				ASSETCATALOG_COMPILER_GLOBAL_ACCENT_COLOR_NAME = AccentColor;
				CODE_SIGN_ENTITLEMENTS = StudySet/StudySet.entitlements;
				CODE_SIGN_STYLE = Automatic;
				CURRENT_PROJECT_VERSION = 1;
				DEVELOPMENT_ASSET_PATHS = "\"StudySet/Preview Content\"";
				DEVELOPMENT_TEAM = V3S7RS9S6Q;
				ENABLE_PREVIEWS = YES;
				GENERATE_INFOPLIST_FILE = YES;
				INFOPLIST_KEY_CFBundleDisplayName = StudyPlanGPT;
				INFOPLIST_KEY_LSApplicationCategoryType = "public.app-category.education";
				INFOPLIST_KEY_UIApplicationSceneManifest_Generation = YES;
				INFOPLIST_KEY_UIApplicationSupportsIndirectInputEvents = YES;
				INFOPLIST_KEY_UILaunchScreen_Generation = YES;
				INFOPLIST_KEY_UISupportedInterfaceOrientations = UIInterfaceOrientationPortrait;
				INFOPLIST_KEY_UISupportedInterfaceOrientations_iPad = "UIInterfaceOrientationLandscapeLeft UIInterfaceOrientationLandscapeRight UIInterfaceOrientationPortrait UIInterfaceOrientationPortraitUpsideDown";
				LD_RUNPATH_SEARCH_PATHS = (
					"$(inherited)",
					"@executable_path/Frameworks",
				);
				MARKETING_VERSION = 4.0;
				PRODUCT_BUNDLE_IDENTIFIER = NiamBashambu.StudySet;
				PRODUCT_NAME = "$(TARGET_NAME)";
				SUPPORTED_PLATFORMS = "iphoneos iphonesimulator";
				SUPPORTS_MACCATALYST = NO;
				SUPPORTS_MAC_DESIGNED_FOR_IPHONE_IPAD = NO;
				SUPPORTS_XR_DESIGNED_FOR_IPHONE_IPAD = NO;
				SWIFT_EMIT_LOC_STRINGS = YES;
				SWIFT_VERSION = 5.0;
				TARGETED_DEVICE_FAMILY = 1;
			};
			name = Release;
		};
		2992248C2CA99CF300655483 /* Debug */ = {
			isa = XCBuildConfiguration;
			buildSettings = {
				BUNDLE_LOADER = "$(TEST_HOST)";
				CODE_SIGN_STYLE = Automatic;
				CURRENT_PROJECT_VERSION = 1;
				DEVELOPMENT_TEAM = V3S7RS9S6Q;
				GENERATE_INFOPLIST_FILE = YES;
				IPHONEOS_DEPLOYMENT_TARGET = 17.5;
				MARKETING_VERSION = 1.0;
				PRODUCT_BUNDLE_IDENTIFIER = NiamBashambu.StudySetTests;
				PRODUCT_NAME = "$(TARGET_NAME)";
				SWIFT_EMIT_LOC_STRINGS = NO;
				SWIFT_VERSION = 5.0;
				TARGETED_DEVICE_FAMILY = "1,2";
				TEST_HOST = "$(BUILT_PRODUCTS_DIR)/StudySet.app/$(BUNDLE_EXECUTABLE_FOLDER_PATH)/StudySet";
			};
			name = Debug;
		};
		2992248D2CA99CF300655483 /* Release */ = {
			isa = XCBuildConfiguration;
			buildSettings = {
				BUNDLE_LOADER = "$(TEST_HOST)";
				CODE_SIGN_STYLE = Automatic;
				CURRENT_PROJECT_VERSION = 1;
				DEVELOPMENT_TEAM = V3S7RS9S6Q;
				GENERATE_INFOPLIST_FILE = YES;
				IPHONEOS_DEPLOYMENT_TARGET = 17.5;
				MARKETING_VERSION = 1.0;
				PRODUCT_BUNDLE_IDENTIFIER = NiamBashambu.StudySetTests;
				PRODUCT_NAME = "$(TARGET_NAME)";
				SWIFT_EMIT_LOC_STRINGS = NO;
				SWIFT_VERSION = 5.0;
				TARGETED_DEVICE_FAMILY = "1,2";
				TEST_HOST = "$(BUILT_PRODUCTS_DIR)/StudySet.app/$(BUNDLE_EXECUTABLE_FOLDER_PATH)/StudySet";
			};
			name = Release;
		};
		2992248F2CA99CF300655483 /* Debug */ = {
			isa = XCBuildConfiguration;
			buildSettings = {
				CODE_SIGN_STYLE = Automatic;
				CURRENT_PROJECT_VERSION = 1;
				DEVELOPMENT_TEAM = V3S7RS9S6Q;
				GENERATE_INFOPLIST_FILE = YES;
				MARKETING_VERSION = 1.0;
				PRODUCT_BUNDLE_IDENTIFIER = NiamBashambu.StudySetUITests;
				PRODUCT_NAME = "$(TARGET_NAME)";
				SWIFT_EMIT_LOC_STRINGS = NO;
				SWIFT_VERSION = 5.0;
				TARGETED_DEVICE_FAMILY = "1,2";
				TEST_TARGET_NAME = StudySet;
			};
			name = Debug;
		};
		299224902CA99CF300655483 /* Release */ = {
			isa = XCBuildConfiguration;
			buildSettings = {
				CODE_SIGN_STYLE = Automatic;
				CURRENT_PROJECT_VERSION = 1;
				DEVELOPMENT_TEAM = V3S7RS9S6Q;
				GENERATE_INFOPLIST_FILE = YES;
				MARKETING_VERSION = 1.0;
				PRODUCT_BUNDLE_IDENTIFIER = NiamBashambu.StudySetUITests;
				PRODUCT_NAME = "$(TARGET_NAME)";
				SWIFT_EMIT_LOC_STRINGS = NO;
				SWIFT_VERSION = 5.0;
				TARGETED_DEVICE_FAMILY = "1,2";
				TEST_TARGET_NAME = StudySet;
			};
			name = Release;
		};
/* End XCBuildConfiguration section */

/* Begin XCConfigurationList section */
		2992245F2CA99CF200655483 /* Build configuration list for PBXProject "StudySet" */ = {
			isa = XCConfigurationList;
			buildConfigurations = (
				299224862CA99CF300655483 /* Debug */,
				299224872CA99CF300655483 /* Release */,
			);
			defaultConfigurationIsVisible = 0;
			defaultConfigurationName = Release;
		};
		299224882CA99CF300655483 /* Build configuration list for PBXNativeTarget "StudySet" */ = {
			isa = XCConfigurationList;
			buildConfigurations = (
				299224892CA99CF300655483 /* Debug */,
				2992248A2CA99CF300655483 /* Release */,
			);
			defaultConfigurationIsVisible = 0;
			defaultConfigurationName = Release;
		};
		2992248B2CA99CF300655483 /* Build configuration list for PBXNativeTarget "StudySetTests" */ = {
			isa = XCConfigurationList;
			buildConfigurations = (
				2992248C2CA99CF300655483 /* Debug */,
				2992248D2CA99CF300655483 /* Release */,
			);
			defaultConfigurationIsVisible = 0;
			defaultConfigurationName = Release;
		};
		2992248E2CA99CF300655483 /* Build configuration list for PBXNativeTarget "StudySetUITests" */ = {
			isa = XCConfigurationList;
			buildConfigurations = (
				2992248F2CA99CF300655483 /* Debug */,
				299224902CA99CF300655483 /* Release */,
			);
			defaultConfigurationIsVisible = 0;
			defaultConfigurationName = Release;
		};
/* End XCConfigurationList section */

/* Begin XCRemoteSwiftPackageReference section */
		291F1FA92CB60BE800A77ACD /* XCRemoteSwiftPackageReference "firebase-ios-sdk" */ = {
			isa = XCRemoteSwiftPackageReference;
			repositoryURL = "https://github.com/firebase/firebase-ios-sdk";
			requirement = {
				kind = upToNextMajorVersion;
				minimumVersion = 11.3.0;
			};
		};
/* End XCRemoteSwiftPackageReference section */

/* Begin XCSwiftPackageProductDependency section */
		291F1FAA2CB60BE800A77ACD /* FirebaseAnalytics */ = {
			isa = XCSwiftPackageProductDependency;
			package = 291F1FA92CB60BE800A77ACD /* XCRemoteSwiftPackageReference "firebase-ios-sdk" */;
			productName = FirebaseAnalytics;
		};
		291F1FAC2CB60BE800A77ACD /* FirebaseAnalyticsOnDeviceConversion */ = {
			isa = XCSwiftPackageProductDependency;
			package = 291F1FA92CB60BE800A77ACD /* XCRemoteSwiftPackageReference "firebase-ios-sdk" */;
			productName = FirebaseAnalyticsOnDeviceConversion;
		};
		291F1FAE2CB60BE800A77ACD /* FirebaseAnalyticsWithoutAdIdSupport */ = {
			isa = XCSwiftPackageProductDependency;
			package = 291F1FA92CB60BE800A77ACD /* XCRemoteSwiftPackageReference "firebase-ios-sdk" */;
			productName = FirebaseAnalyticsWithoutAdIdSupport;
		};
		291F1FB02CB60BE800A77ACD /* FirebaseAppCheck */ = {
			isa = XCSwiftPackageProductDependency;
			package = 291F1FA92CB60BE800A77ACD /* XCRemoteSwiftPackageReference "firebase-ios-sdk" */;
			productName = FirebaseAppCheck;
		};
		291F1FB22CB60BE800A77ACD /* FirebaseAppDistribution-Beta */ = {
			isa = XCSwiftPackageProductDependency;
			package = 291F1FA92CB60BE800A77ACD /* XCRemoteSwiftPackageReference "firebase-ios-sdk" */;
			productName = "FirebaseAppDistribution-Beta";
		};
		291F1FB62CB618D400A77ACD /* FirebaseAuth */ = {
			isa = XCSwiftPackageProductDependency;
			package = 291F1FA92CB60BE800A77ACD /* XCRemoteSwiftPackageReference "firebase-ios-sdk" */;
			productName = FirebaseAuth;
		};
		291F1FB82CB618D400A77ACD /* FirebaseCore */ = {
			isa = XCSwiftPackageProductDependency;
			package = 291F1FA92CB60BE800A77ACD /* XCRemoteSwiftPackageReference "firebase-ios-sdk" */;
			productName = FirebaseCore;
		};
		291F1FBA2CB618D400A77ACD /* FirebaseDatabase */ = {
			isa = XCSwiftPackageProductDependency;
			package = 291F1FA92CB60BE800A77ACD /* XCRemoteSwiftPackageReference "firebase-ios-sdk" */;
			productName = FirebaseDatabase;
		};
		291F1FBC2CB618D400A77ACD /* FirebaseFirestore */ = {
			isa = XCSwiftPackageProductDependency;
			package = 291F1FA92CB60BE800A77ACD /* XCRemoteSwiftPackageReference "firebase-ios-sdk" */;
			productName = FirebaseFirestore;
		};
		291F1FBE2CB618D400A77ACD /* FirebaseFirestoreCombine-Community */ = {
			isa = XCSwiftPackageProductDependency;
			package = 291F1FA92CB60BE800A77ACD /* XCRemoteSwiftPackageReference "firebase-ios-sdk" */;
			productName = "FirebaseFirestoreCombine-Community";
		};
		291F1FC02CB618D400A77ACD /* FirebaseStorage */ = {
			isa = XCSwiftPackageProductDependency;
			package = 291F1FA92CB60BE800A77ACD /* XCRemoteSwiftPackageReference "firebase-ios-sdk" */;
			productName = FirebaseStorage;
		};
		291F1FC22CB618D400A77ACD /* FirebaseStorageCombine-Community */ = {
			isa = XCSwiftPackageProductDependency;
			package = 291F1FA92CB60BE800A77ACD /* XCRemoteSwiftPackageReference "firebase-ios-sdk" */;
			productName = "FirebaseStorageCombine-Community";
		};
		291F1FC42CB618D400A77ACD /* FirebaseVertexAI-Preview */ = {
			isa = XCSwiftPackageProductDependency;
			package = 291F1FA92CB60BE800A77ACD /* XCRemoteSwiftPackageReference "firebase-ios-sdk" */;
			productName = "FirebaseVertexAI-Preview";
		};
/* End XCSwiftPackageProductDependency section */

/* Begin XCVersionGroup section */
		2939412D2CC160B200ACF15C /* QuizDataModel.xcdatamodeld */ = {
			isa = XCVersionGroup;
			children = (
				2939412E2CC160B200ACF15C /* QuizDataModel.xcdatamodel */,
			);
			currentVersion = 2939412E2CC160B200ACF15C /* QuizDataModel.xcdatamodel */;
			path = QuizDataModel.xcdatamodeld;
			sourceTree = "<group>";
			versionGroupType = wrapper.xcdatamodel;
		};
/* End XCVersionGroup section */
	};
	rootObject = 2992245C2CA99CF200655483 /* Project object */;
}
